// !$*UTF8*$!
{
	archiveVersion = 1;
	classes = {
	};
	objectVersion = 51;
	objects = {

/* Begin PBXBuildFile section */
		18DCECBC25ED713000F0E618 /* AppDelegate.swift in Sources */ = {isa = PBXBuildFile; fileRef = 18DCECBB25ED713000F0E618 /* AppDelegate.swift */; };
		18DCECBE25ED713000F0E618 /* SceneDelegate.swift in Sources */ = {isa = PBXBuildFile; fileRef = 18DCECBD25ED713000F0E618 /* SceneDelegate.swift */; };
		18DCECC325ED713000F0E618 /* Main.storyboard in Resources */ = {isa = PBXBuildFile; fileRef = 18DCECC125ED713000F0E618 /* Main.storyboard */; };
		18DCECC525ED713300F0E618 /* Assets.xcassets in Resources */ = {isa = PBXBuildFile; fileRef = 18DCECC425ED713300F0E618 /* Assets.xcassets */; };
		18DCECC825ED713300F0E618 /* LaunchScreen.storyboard in Resources */ = {isa = PBXBuildFile; fileRef = 18DCECC625ED713300F0E618 /* LaunchScreen.storyboard */; };
		18DCECD625ED740100F0E618 /* images.xcassets in Resources */ = {isa = PBXBuildFile; fileRef = 18DCECD525ED740100F0E618 /* images.xcassets */; };
		18DCECDE25ED7BB000F0E618 /* ViewModelCharacter.swift in Sources */ = {isa = PBXBuildFile; fileRef = 18DCECDD25ED7BB000F0E618 /* ViewModelCharacter.swift */; };
		18DCECED25ED7D3900F0E618 /* Characters.swift in Sources */ = {isa = PBXBuildFile; fileRef = 18DCECEC25ED7D3900F0E618 /* Characters.swift */; };
		18DCECF025ED7D6B00F0E618 /* APIURL.swift in Sources */ = {isa = PBXBuildFile; fileRef = 18DCECEF25ED7D6B00F0E618 /* APIURL.swift */; };
		18DCECF325ED7DAA00F0E618 /* Constants.swift in Sources */ = {isa = PBXBuildFile; fileRef = 18DCECF225ED7DAA00F0E618 /* Constants.swift */; };
		18DCED0125ED83AA00F0E618 /* CharactersViewController.swift in Sources */ = {isa = PBXBuildFile; fileRef = 18DCED0025ED83AA00F0E618 /* CharactersViewController.swift */; };
		18DCED0525ED841100F0E618 /* DetailViewController.swift in Sources */ = {isa = PBXBuildFile; fileRef = 18DCED0425ED841100F0E618 /* DetailViewController.swift */; };
		18DCED1325EE4B6C00F0E618 /* APIService.swift in Sources */ = {isa = PBXBuildFile; fileRef = 18DCED1225EE4B6C00F0E618 /* APIService.swift */; };
		18DCED1A25EE579300F0E618 /* ExtCharactersViewController.swift in Sources */ = {isa = PBXBuildFile; fileRef = 18DCED1925EE579300F0E618 /* ExtCharactersViewController.swift */; };
		18DCED2525EEA22200F0E618 /* CellCellCharactersViewController.swift in Sources */ = {isa = PBXBuildFile; fileRef = 18DCED2425EEA22200F0E618 /* CellCellCharactersViewController.swift */; };
		18DCED2825EEB29200F0E618 /* ExtImage.swift in Sources */ = {isa = PBXBuildFile; fileRef = 18DCED2725EEB29200F0E618 /* ExtImage.swift */; };
		18DCED3125EEC4FF00F0E618 /* ExtDictionary.swift in Sources */ = {isa = PBXBuildFile; fileRef = 18DCED3025EEC4FF00F0E618 /* ExtDictionary.swift */; };
		18DCED4325EFD6B900F0E618 /* MarvelProfileTests.swift in Sources */ = {isa = PBXBuildFile; fileRef = 18DCED4225EFD6B900F0E618 /* MarvelProfileTests.swift */; };
		18DCED4D25EFF60200F0E618 /* marvel.json in Resources */ = {isa = PBXBuildFile; fileRef = 18DCED4C25EFF60200F0E618 /* marvel.json */; };
		1EF6D06244E9F56053EE8778 /* Pods_MarvelProfile.framework in Frameworks */ = {isa = PBXBuildFile; fileRef = 53DFF0ED4183EE4754232E05 /* Pods_MarvelProfile.framework */; };
/* End PBXBuildFile section */

/* Begin PBXContainerItemProxy section */
		18DCED4525EFD6B900F0E618 /* PBXContainerItemProxy */ = {
			isa = PBXContainerItemProxy;
			containerPortal = 18DCECB025ED713000F0E618 /* Project object */;
			proxyType = 1;
			remoteGlobalIDString = 18DCECB725ED713000F0E618;
			remoteInfo = MarvelProfile;
		};
/* End PBXContainerItemProxy section */

/* Begin PBXFileReference section */
		18DCECB825ED713000F0E618 /* MarvelProfile.app */ = {isa = PBXFileReference; explicitFileType = wrapper.application; includeInIndex = 0; path = MarvelProfile.app; sourceTree = BUILT_PRODUCTS_DIR; };
		18DCECBB25ED713000F0E618 /* AppDelegate.swift */ = {isa = PBXFileReference; lastKnownFileType = sourcecode.swift; path = AppDelegate.swift; sourceTree = "<group>"; };
		18DCECBD25ED713000F0E618 /* SceneDelegate.swift */ = {isa = PBXFileReference; lastKnownFileType = sourcecode.swift; path = SceneDelegate.swift; sourceTree = "<group>"; };
		18DCECC225ED713000F0E618 /* Base */ = {isa = PBXFileReference; lastKnownFileType = file.storyboard; name = Base; path = Base.lproj/Main.storyboard; sourceTree = "<group>"; };
		18DCECC425ED713300F0E618 /* Assets.xcassets */ = {isa = PBXFileReference; lastKnownFileType = folder.assetcatalog; path = Assets.xcassets; sourceTree = "<group>"; };
		18DCECC725ED713300F0E618 /* Base */ = {isa = PBXFileReference; lastKnownFileType = file.storyboard; name = Base; path = Base.lproj/LaunchScreen.storyboard; sourceTree = "<group>"; };
		18DCECC925ED713300F0E618 /* Info.plist */ = {isa = PBXFileReference; lastKnownFileType = text.plist.xml; path = Info.plist; sourceTree = "<group>"; };
		18DCECD525ED740100F0E618 /* images.xcassets */ = {isa = PBXFileReference; lastKnownFileType = folder.assetcatalog; path = images.xcassets; sourceTree = "<group>"; };
		18DCECDD25ED7BB000F0E618 /* ViewModelCharacter.swift */ = {isa = PBXFileReference; lastKnownFileType = sourcecode.swift; path = ViewModelCharacter.swift; sourceTree = "<group>"; };
		18DCECEC25ED7D3900F0E618 /* Characters.swift */ = {isa = PBXFileReference; lastKnownFileType = sourcecode.swift; path = Characters.swift; sourceTree = "<group>"; };
		18DCECEF25ED7D6B00F0E618 /* APIURL.swift */ = {isa = PBXFileReference; lastKnownFileType = sourcecode.swift; path = APIURL.swift; sourceTree = "<group>"; };
		18DCECF225ED7DAA00F0E618 /* Constants.swift */ = {isa = PBXFileReference; lastKnownFileType = sourcecode.swift; path = Constants.swift; sourceTree = "<group>"; };
		18DCED0025ED83AA00F0E618 /* CharactersViewController.swift */ = {isa = PBXFileReference; lastKnownFileType = sourcecode.swift; path = CharactersViewController.swift; sourceTree = "<group>"; };
		18DCED0425ED841100F0E618 /* DetailViewController.swift */ = {isa = PBXFileReference; lastKnownFileType = sourcecode.swift; path = DetailViewController.swift; sourceTree = "<group>"; };
		18DCED1225EE4B6C00F0E618 /* APIService.swift */ = {isa = PBXFileReference; lastKnownFileType = sourcecode.swift; path = APIService.swift; sourceTree = "<group>"; };
		18DCED1925EE579300F0E618 /* ExtCharactersViewController.swift */ = {isa = PBXFileReference; lastKnownFileType = sourcecode.swift; path = ExtCharactersViewController.swift; sourceTree = "<group>"; };
		18DCED2425EEA22200F0E618 /* CellCellCharactersViewController.swift */ = {isa = PBXFileReference; lastKnownFileType = sourcecode.swift; path = CellCellCharactersViewController.swift; sourceTree = "<group>"; };
		18DCED2725EEB29200F0E618 /* ExtImage.swift */ = {isa = PBXFileReference; lastKnownFileType = sourcecode.swift; path = ExtImage.swift; sourceTree = "<group>"; };
		18DCED3025EEC4FF00F0E618 /* ExtDictionary.swift */ = {isa = PBXFileReference; lastKnownFileType = sourcecode.swift; path = ExtDictionary.swift; sourceTree = "<group>"; };
		18DCED4025EFD6B900F0E618 /* MarvelProfileTests.xctest */ = {isa = PBXFileReference; explicitFileType = wrapper.cfbundle; includeInIndex = 0; path = MarvelProfileTests.xctest; sourceTree = BUILT_PRODUCTS_DIR; };
		18DCED4225EFD6B900F0E618 /* MarvelProfileTests.swift */ = {isa = PBXFileReference; lastKnownFileType = sourcecode.swift; path = MarvelProfileTests.swift; sourceTree = "<group>"; };
		18DCED4425EFD6B900F0E618 /* Info.plist */ = {isa = PBXFileReference; lastKnownFileType = text.plist.xml; path = Info.plist; sourceTree = "<group>"; };
		18DCED4C25EFF60200F0E618 /* marvel.json */ = {isa = PBXFileReference; lastKnownFileType = text.json; path = marvel.json; sourceTree = "<group>"; };
		53DFF0ED4183EE4754232E05 /* Pods_MarvelProfile.framework */ = {isa = PBXFileReference; explicitFileType = wrapper.framework; includeInIndex = 0; path = Pods_MarvelProfile.framework; sourceTree = BUILT_PRODUCTS_DIR; };
		6A5CC67049B787E91192D58A /* Pods-MarvelProfile.debug.xcconfig */ = {isa = PBXFileReference; includeInIndex = 1; lastKnownFileType = text.xcconfig; name = "Pods-MarvelProfile.debug.xcconfig"; path = "Target Support Files/Pods-MarvelProfile/Pods-MarvelProfile.debug.xcconfig"; sourceTree = "<group>"; };
		D780F376CA3224F7DE46726B /* Pods-MarvelProfile.release.xcconfig */ = {isa = PBXFileReference; includeInIndex = 1; lastKnownFileType = text.xcconfig; name = "Pods-MarvelProfile.release.xcconfig"; path = "Target Support Files/Pods-MarvelProfile/Pods-MarvelProfile.release.xcconfig"; sourceTree = "<group>"; };
/* End PBXFileReference section */

/* Begin PBXFrameworksBuildPhase section */
		18DCECB525ED713000F0E618 /* Frameworks */ = {
			isa = PBXFrameworksBuildPhase;
			buildActionMask = 2147483647;
			files = (
				1EF6D06244E9F56053EE8778 /* Pods_MarvelProfile.framework in Frameworks */,
			);
			runOnlyForDeploymentPostprocessing = 0;
		};
		18DCED3D25EFD6B900F0E618 /* Frameworks */ = {
			isa = PBXFrameworksBuildPhase;
			buildActionMask = 2147483647;
			files = (
			);
			runOnlyForDeploymentPostprocessing = 0;
		};
/* End PBXFrameworksBuildPhase section */

/* Begin PBXGroup section */
		18DCECAF25ED713000F0E618 = {
			isa = PBXGroup;
			children = (
				18DCECBA25ED713000F0E618 /* MarvelProfile */,
				18DCED4125EFD6B900F0E618 /* MarvelProfileTests */,
				18DCECB925ED713000F0E618 /* Products */,
				E41153C040456D3B46ECAF6A /* Pods */,
				DD850D2575C9CD81EB8F090A /* Frameworks */,
			);
			sourceTree = "<group>";
		};
		18DCECB925ED713000F0E618 /* Products */ = {
			isa = PBXGroup;
			children = (
				18DCECB825ED713000F0E618 /* MarvelProfile.app */,
				18DCED4025EFD6B900F0E618 /* MarvelProfileTests.xctest */,
			);
			name = Products;
			sourceTree = "<group>";
		};
		18DCECBA25ED713000F0E618 /* MarvelProfile */ = {
			isa = PBXGroup;
			children = (
				18DCECBB25ED713000F0E618 /* AppDelegate.swift */,
				18DCECBD25ED713000F0E618 /* SceneDelegate.swift */,
				18DCECC125ED713000F0E618 /* Main.storyboard */,
				18DCECC625ED713300F0E618 /* LaunchScreen.storyboard */,
				18DCECC925ED713300F0E618 /* Info.plist */,
				18DCECD125ED72F300F0E618 /* Models */,
				18DCECD025ED72EF00F0E618 /* ViewModels */,
				18DCECD225ED731700F0E618 /* Controllers */,
				18DCED0D25EE46CA00F0E618 /* Server */,
				18DCECD325ED734D00F0E618 /* Resources */,
				18DCECF925ED7FDB00F0E618 /* Extensions */,
				18DCECD425ED737A00F0E618 /* Images */,
			);
			path = MarvelProfile;
			sourceTree = "<group>";
		};
		18DCECD025ED72EF00F0E618 /* ViewModels */ = {
			isa = PBXGroup;
			children = (
				18DCECDD25ED7BB000F0E618 /* ViewModelCharacter.swift */,
			);
			path = ViewModels;
			sourceTree = "<group>";
		};
		18DCECD125ED72F300F0E618 /* Models */ = {
			isa = PBXGroup;
			children = (
				18DCECEC25ED7D3900F0E618 /* Characters.swift */,
			);
			path = Models;
			sourceTree = "<group>";
		};
		18DCECD225ED731700F0E618 /* Controllers */ = {
			isa = PBXGroup;
			children = (
				18DCED2A25EEC44800F0E618 /* CharacterView */,
				18DCED2B25EEC45F00F0E618 /* DetailcharacterView */,
			);
			path = Controllers;
			sourceTree = "<group>";
		};
		18DCECD325ED734D00F0E618 /* Resources */ = {
			isa = PBXGroup;
			children = (
				18DCECF225ED7DAA00F0E618 /* Constants.swift */,
			);
			path = Resources;
			sourceTree = "<group>";
		};
		18DCECD425ED737A00F0E618 /* Images */ = {
			isa = PBXGroup;
			children = (
				18DCECC425ED713300F0E618 /* Assets.xcassets */,
				18DCECD525ED740100F0E618 /* images.xcassets */,
			);
			path = Images;
			sourceTree = "<group>";
		};
		18DCECF925ED7FDB00F0E618 /* Extensions */ = {
			isa = PBXGroup;
			children = (
				18DCED2725EEB29200F0E618 /* ExtImage.swift */,
				18DCED3025EEC4FF00F0E618 /* ExtDictionary.swift */,
			);
			path = Extensions;
			sourceTree = "<group>";
		};
		18DCECFF25ED82CD00F0E618 /* WebService */ = {
			isa = PBXGroup;
			children = (
				18DCECEF25ED7D6B00F0E618 /* APIURL.swift */,
				18DCED1225EE4B6C00F0E618 /* APIService.swift */,
			);
			path = WebService;
			sourceTree = "<group>";
		};
		18DCED0D25EE46CA00F0E618 /* Server */ = {
			isa = PBXGroup;
			children = (
				18DCECFF25ED82CD00F0E618 /* WebService */,
			);
			path = Server;
			sourceTree = "<group>";
		};
		18DCED2A25EEC44800F0E618 /* CharacterView */ = {
			isa = PBXGroup;
			children = (
				18DCED0025ED83AA00F0E618 /* CharactersViewController.swift */,
				18DCED1925EE579300F0E618 /* ExtCharactersViewController.swift */,
				18DCED2425EEA22200F0E618 /* CellCellCharactersViewController.swift */,
			);
			path = CharacterView;
			sourceTree = "<group>";
		};
		18DCED2B25EEC45F00F0E618 /* DetailcharacterView */ = {
			isa = PBXGroup;
			children = (
				18DCED0425ED841100F0E618 /* DetailViewController.swift */,
			);
			path = DetailcharacterView;
			sourceTree = "<group>";
		};
		18DCED4125EFD6B900F0E618 /* MarvelProfileTests */ = {
			isa = PBXGroup;
			children = (
				18DCED4C25EFF60200F0E618 /* marvel.json */,
				18DCED4225EFD6B900F0E618 /* MarvelProfileTests.swift */,
				18DCED4425EFD6B900F0E618 /* Info.plist */,
			);
			path = MarvelProfileTests;
			sourceTree = "<group>";
		};
		DD850D2575C9CD81EB8F090A /* Frameworks */ = {
			isa = PBXGroup;
			children = (
				53DFF0ED4183EE4754232E05 /* Pods_MarvelProfile.framework */,
			);
			name = Frameworks;
			sourceTree = "<group>";
		};
		E41153C040456D3B46ECAF6A /* Pods */ = {
			isa = PBXGroup;
			children = (
				6A5CC67049B787E91192D58A /* Pods-MarvelProfile.debug.xcconfig */,
				D780F376CA3224F7DE46726B /* Pods-MarvelProfile.release.xcconfig */,
			);
			path = Pods;
			sourceTree = "<group>";
		};
/* End PBXGroup section */

/* Begin PBXNativeTarget section */
		18DCECB725ED713000F0E618 /* MarvelProfile */ = {
			isa = PBXNativeTarget;
			buildConfigurationList = 18DCECCC25ED713300F0E618 /* Build configuration list for PBXNativeTarget "MarvelProfile" */;
			buildPhases = (
				D2F267248BA2BF176BA70618 /* [CP] Check Pods Manifest.lock */,
				18DCECB425ED713000F0E618 /* Sources */,
				18DCECB525ED713000F0E618 /* Frameworks */,
				18DCECB625ED713000F0E618 /* Resources */,
				A6D6D0F5294B3F3B3156B586 /* [CP] Embed Pods Frameworks */,
			);
			buildRules = (
			);
			dependencies = (
			);
			name = MarvelProfile;
			productName = MarvelProfile;
			productReference = 18DCECB825ED713000F0E618 /* MarvelProfile.app */;
			productType = "com.apple.product-type.application";
		};
		18DCED3F25EFD6B900F0E618 /* MarvelProfileTests */ = {
			isa = PBXNativeTarget;
			buildConfigurationList = 18DCED4725EFD6B900F0E618 /* Build configuration list for PBXNativeTarget "MarvelProfileTests" */;
			buildPhases = (
				18DCED3C25EFD6B900F0E618 /* Sources */,
				18DCED3D25EFD6B900F0E618 /* Frameworks */,
				18DCED3E25EFD6B900F0E618 /* Resources */,
			);
			buildRules = (
			);
			dependencies = (
				18DCED4625EFD6B900F0E618 /* PBXTargetDependency */,
			);
			name = MarvelProfileTests;
			productName = MarvelProfileTests;
			productReference = 18DCED4025EFD6B900F0E618 /* MarvelProfileTests.xctest */;
			productType = "com.apple.product-type.bundle.unit-test";
		};
/* End PBXNativeTarget section */

/* Begin PBXProject section */
		18DCECB025ED713000F0E618 /* Project object */ = {
			isa = PBXProject;
			attributes = {
				LastSwiftUpdateCheck = 1220;
				LastUpgradeCheck = 1220;
				TargetAttributes = {
					18DCECB725ED713000F0E618 = {
						CreatedOnToolsVersion = 12.2;
					};
					18DCED3F25EFD6B900F0E618 = {
						CreatedOnToolsVersion = 12.2;
						TestTargetID = 18DCECB725ED713000F0E618;
					};
				};
			};
			buildConfigurationList = 18DCECB325ED713000F0E618 /* Build configuration list for PBXProject "MarvelProfile" */;
			compatibilityVersion = "Xcode 9.3";
			developmentRegion = en;
			hasScannedForEncodings = 0;
			knownRegions = (
				en,
				Base,
			);
			mainGroup = 18DCECAF25ED713000F0E618;
			productRefGroup = 18DCECB925ED713000F0E618 /* Products */;
			projectDirPath = "";
			projectRoot = "";
			targets = (
				18DCECB725ED713000F0E618 /* MarvelProfile */,
				18DCED3F25EFD6B900F0E618 /* MarvelProfileTests */,
			);
		};
/* End PBXProject section */

/* Begin PBXResourcesBuildPhase section */
		18DCECB625ED713000F0E618 /* Resources */ = {
			isa = PBXResourcesBuildPhase;
			buildActionMask = 2147483647;
			files = (
				18DCECC825ED713300F0E618 /* LaunchScreen.storyboard in Resources */,
				18DCECD625ED740100F0E618 /* images.xcassets in Resources */,
				18DCECC525ED713300F0E618 /* Assets.xcassets in Resources */,
				18DCECC325ED713000F0E618 /* Main.storyboard in Resources */,
			);
			runOnlyForDeploymentPostprocessing = 0;
		};
		18DCED3E25EFD6B900F0E618 /* Resources */ = {
			isa = PBXResourcesBuildPhase;
			buildActionMask = 2147483647;
			files = (
				18DCED4D25EFF60200F0E618 /* marvel.json in Resources */,
			);
			runOnlyForDeploymentPostprocessing = 0;
		};
/* End PBXResourcesBuildPhase section */

/* Begin PBXShellScriptBuildPhase section */
		A6D6D0F5294B3F3B3156B586 /* [CP] Embed Pods Frameworks */ = {
			isa = PBXShellScriptBuildPhase;
			buildActionMask = 2147483647;
			files = (
			);
			inputFileListPaths = (
				"${PODS_ROOT}/Target Support Files/Pods-MarvelProfile/Pods-MarvelProfile-frameworks-${CONFIGURATION}-input-files.xcfilelist",
			);
			name = "[CP] Embed Pods Frameworks";
			outputFileListPaths = (
				"${PODS_ROOT}/Target Support Files/Pods-MarvelProfile/Pods-MarvelProfile-frameworks-${CONFIGURATION}-output-files.xcfilelist",
			);
			runOnlyForDeploymentPostprocessing = 0;
			shellPath = /bin/sh;
			shellScript = "\"${PODS_ROOT}/Target Support Files/Pods-MarvelProfile/Pods-MarvelProfile-frameworks.sh\"\n";
			showEnvVarsInLog = 0;
		};
		D2F267248BA2BF176BA70618 /* [CP] Check Pods Manifest.lock */ = {
			isa = PBXShellScriptBuildPhase;
			buildActionMask = 2147483647;
			files = (
			);
			inputFileListPaths = (
			);
			inputPaths = (
				"${PODS_PODFILE_DIR_PATH}/Podfile.lock",
				"${PODS_ROOT}/Manifest.lock",
			);
			name = "[CP] Check Pods Manifest.lock";
			outputFileListPaths = (
			);
			outputPaths = (
				"$(DERIVED_FILE_DIR)/Pods-MarvelProfile-checkManifestLockResult.txt",
			);
			runOnlyForDeploymentPostprocessing = 0;
			shellPath = /bin/sh;
			shellScript = "diff \"${PODS_PODFILE_DIR_PATH}/Podfile.lock\" \"${PODS_ROOT}/Manifest.lock\" > /dev/null\nif [ $? != 0 ] ; then\n    # print error to STDERR\n    echo \"error: The sandbox is not in sync with the Podfile.lock. Run 'pod install' or update your CocoaPods installation.\" >&2\n    exit 1\nfi\n# This output is used by Xcode 'outputs' to avoid re-running this script phase.\necho \"SUCCESS\" > \"${SCRIPT_OUTPUT_FILE_0}\"\n";
			showEnvVarsInLog = 0;
		};
/* End PBXShellScriptBuildPhase section */

/* Begin PBXSourcesBuildPhase section */
		18DCECB425ED713000F0E618 /* Sources */ = {
			isa = PBXSourcesBuildPhase;
			buildActionMask = 2147483647;
			files = (
				18DCED3125EEC4FF00F0E618 /* ExtDictionary.swift in Sources */,
				18DCED0525ED841100F0E618 /* DetailViewController.swift in Sources */,
				18DCECDE25ED7BB000F0E618 /* ViewModelCharacter.swift in Sources */,
				18DCECBC25ED713000F0E618 /* AppDelegate.swift in Sources */,
				18DCED2525EEA22200F0E618 /* CellCellCharactersViewController.swift in Sources */,
				18DCECBE25ED713000F0E618 /* SceneDelegate.swift in Sources */,
				18DCECF325ED7DAA00F0E618 /* Constants.swift in Sources */,
				18DCED1A25EE579300F0E618 /* ExtCharactersViewController.swift in Sources */,
				18DCECF025ED7D6B00F0E618 /* APIURL.swift in Sources */,
				18DCECED25ED7D3900F0E618 /* Characters.swift in Sources */,
				18DCED1325EE4B6C00F0E618 /* APIService.swift in Sources */,
				18DCED2825EEB29200F0E618 /* ExtImage.swift in Sources */,
				18DCED0125ED83AA00F0E618 /* CharactersViewController.swift in Sources */,
			);
			runOnlyForDeploymentPostprocessing = 0;
		};
		18DCED3C25EFD6B900F0E618 /* Sources */ = {
			isa = PBXSourcesBuildPhase;
			buildActionMask = 2147483647;
			files = (
				18DCED4325EFD6B900F0E618 /* MarvelProfileTests.swift in Sources */,
			);
			runOnlyForDeploymentPostprocessing = 0;
		};
/* End PBXSourcesBuildPhase section */

/* Begin PBXTargetDependency section */
		18DCED4625EFD6B900F0E618 /* PBXTargetDependency */ = {
			isa = PBXTargetDependency;
			target = 18DCECB725ED713000F0E618 /* MarvelProfile */;
			targetProxy = 18DCED4525EFD6B900F0E618 /* PBXContainerItemProxy */;
		};
/* End PBXTargetDependency section */

/* Begin PBXVariantGroup section */
		18DCECC125ED713000F0E618 /* Main.storyboard */ = {
			isa = PBXVariantGroup;
			children = (
				18DCECC225ED713000F0E618 /* Base */,
			);
			name = Main.storyboard;
			sourceTree = "<group>";
		};
		18DCECC625ED713300F0E618 /* LaunchScreen.storyboard */ = {
			isa = PBXVariantGroup;
			children = (
				18DCECC725ED713300F0E618 /* Base */,
			);
			name = LaunchScreen.storyboard;
			sourceTree = "<group>";
		};
/* End PBXVariantGroup section */

/* Begin XCBuildConfiguration section */
		18DCECCA25ED713300F0E618 /* Debug */ = {
			isa = XCBuildConfiguration;
			buildSettings = {
				ALWAYS_SEARCH_USER_PATHS = NO;
				CLANG_ANALYZER_NONNULL = YES;
				CLANG_ANALYZER_NUMBER_OBJECT_CONVERSION = YES_AGGRESSIVE;
				CLANG_CXX_LANGUAGE_STANDARD = "gnu++14";
				CLANG_CXX_LIBRARY = "libc++";
				CLANG_ENABLE_MODULES = YES;
				CLANG_ENABLE_OBJC_ARC = YES;
				CLANG_ENABLE_OBJC_WEAK = YES;
				CLANG_WARN_BLOCK_CAPTURE_AUTORELEASING = YES;
				CLANG_WARN_BOOL_CONVERSION = YES;
				CLANG_WARN_COMMA = YES;
				CLANG_WARN_CONSTANT_CONVERSION = YES;
				CLANG_WARN_DEPRECATED_OBJC_IMPLEMENTATIONS = YES;
				CLANG_WARN_DIRECT_OBJC_ISA_USAGE = YES_ERROR;
				CLANG_WARN_DOCUMENTATION_COMMENTS = YES;
				CLANG_WARN_EMPTY_BODY = YES;
				CLANG_WARN_ENUM_CONVERSION = YES;
				CLANG_WARN_INFINITE_RECURSION = YES;
				CLANG_WARN_INT_CONVERSION = YES;
				CLANG_WARN_NON_LITERAL_NULL_CONVERSION = YES;
				CLANG_WARN_OBJC_IMPLICIT_RETAIN_SELF = YES;
				CLANG_WARN_OBJC_LITERAL_CONVERSION = YES;
				CLANG_WARN_OBJC_ROOT_CLASS = YES_ERROR;
				CLANG_WARN_QUOTED_INCLUDE_IN_FRAMEWORK_HEADER = YES;
				CLANG_WARN_RANGE_LOOP_ANALYSIS = YES;
				CLANG_WARN_STRICT_PROTOTYPES = YES;
				CLANG_WARN_SUSPICIOUS_MOVE = YES;
				CLANG_WARN_UNGUARDED_AVAILABILITY = YES_AGGRESSIVE;
				CLANG_WARN_UNREACHABLE_CODE = YES;
				CLANG_WARN__DUPLICATE_METHOD_MATCH = YES;
				COPY_PHASE_STRIP = NO;
				DEBUG_INFORMATION_FORMAT = dwarf;
				ENABLE_STRICT_OBJC_MSGSEND = YES;
				ENABLE_TESTABILITY = YES;
				GCC_C_LANGUAGE_STANDARD = gnu11;
				GCC_DYNAMIC_NO_PIC = NO;
				GCC_NO_COMMON_BLOCKS = YES;
				GCC_OPTIMIZATION_LEVEL = 0;
				GCC_PREPROCESSOR_DEFINITIONS = (
					"DEBUG=1",
					"$(inherited)",
				);
				GCC_WARN_64_TO_32_BIT_CONVERSION = YES;
				GCC_WARN_ABOUT_RETURN_TYPE = YES_ERROR;
				GCC_WARN_UNDECLARED_SELECTOR = YES;
				GCC_WARN_UNINITIALIZED_AUTOS = YES_AGGRESSIVE;
				GCC_WARN_UNUSED_FUNCTION = YES;
				GCC_WARN_UNUSED_VARIABLE = YES;
				IPHONEOS_DEPLOYMENT_TARGET = 14.2;
				MTL_ENABLE_DEBUG_INFO = INCLUDE_SOURCE;
				MTL_FAST_MATH = YES;
				ONLY_ACTIVE_ARCH = YES;
				SDKROOT = iphoneos;
				SWIFT_ACTIVE_COMPILATION_CONDITIONS = DEBUG;
				SWIFT_OPTIMIZATION_LEVEL = "-Onone";
			};
			name = Debug;
		};
		18DCECCB25ED713300F0E618 /* Release */ = {
			isa = XCBuildConfiguration;
			buildSettings = {
				ALWAYS_SEARCH_USER_PATHS = NO;
				CLANG_ANALYZER_NONNULL = YES;
				CLANG_ANALYZER_NUMBER_OBJECT_CONVERSION = YES_AGGRESSIVE;
				CLANG_CXX_LANGUAGE_STANDARD = "gnu++14";
				CLANG_CXX_LIBRARY = "libc++";
				CLANG_ENABLE_MODULES = YES;
				CLANG_ENABLE_OBJC_ARC = YES;
				CLANG_ENABLE_OBJC_WEAK = YES;
				CLANG_WARN_BLOCK_CAPTURE_AUTORELEASING = YES;
				CLANG_WARN_BOOL_CONVERSION = YES;
				CLANG_WARN_COMMA = YES;
				CLANG_WARN_CONSTANT_CONVERSION = YES;
				CLANG_WARN_DEPRECATED_OBJC_IMPLEMENTATIONS = YES;
				CLANG_WARN_DIRECT_OBJC_ISA_USAGE = YES_ERROR;
				CLANG_WARN_DOCUMENTATION_COMMENTS = YES;
				CLANG_WARN_EMPTY_BODY = YES;
				CLANG_WARN_ENUM_CONVERSION = YES;
				CLANG_WARN_INFINITE_RECURSION = YES;
				CLANG_WARN_INT_CONVERSION = YES;
				CLANG_WARN_NON_LITERAL_NULL_CONVERSION = YES;
				CLANG_WARN_OBJC_IMPLICIT_RETAIN_SELF = YES;
				CLANG_WARN_OBJC_LITERAL_CONVERSION = YES;
				CLANG_WARN_OBJC_ROOT_CLASS = YES_ERROR;
				CLANG_WARN_QUOTED_INCLUDE_IN_FRAMEWORK_HEADER = YES;
				CLANG_WARN_RANGE_LOOP_ANALYSIS = YES;
				CLANG_WARN_STRICT_PROTOTYPES = YES;
				CLANG_WARN_SUSPICIOUS_MOVE = YES;
				CLANG_WARN_UNGUARDED_AVAILABILITY = YES_AGGRESSIVE;
				CLANG_WARN_UNREACHABLE_CODE = YES;
				CLANG_WARN__DUPLICATE_METHOD_MATCH = YES;
				COPY_PHASE_STRIP = NO;
				DEBUG_INFORMATION_FORMAT = "dwarf-with-dsym";
				ENABLE_NS_ASSERTIONS = NO;
				ENABLE_STRICT_OBJC_MSGSEND = YES;
				GCC_C_LANGUAGE_STANDARD = gnu11;
				GCC_NO_COMMON_BLOCKS = YES;
				GCC_WARN_64_TO_32_BIT_CONVERSION = YES;
				GCC_WARN_ABOUT_RETURN_TYPE = YES_ERROR;
				GCC_WARN_UNDECLARED_SELECTOR = YES;
				GCC_WARN_UNINITIALIZED_AUTOS = YES_AGGRESSIVE;
				GCC_WARN_UNUSED_FUNCTION = YES;
				GCC_WARN_UNUSED_VARIABLE = YES;
				IPHONEOS_DEPLOYMENT_TARGET = 14.2;
				MTL_ENABLE_DEBUG_INFO = NO;
				MTL_FAST_MATH = YES;
				SDKROOT = iphoneos;
				SWIFT_COMPILATION_MODE = wholemodule;
				SWIFT_OPTIMIZATION_LEVEL = "-O";
				VALIDATE_PRODUCT = YES;
			};
			name = Release;
		};
		18DCECCD25ED713300F0E618 /* Debug */ = {
			isa = XCBuildConfiguration;
			baseConfigurationReference = 6A5CC67049B787E91192D58A /* Pods-MarvelProfile.debug.xcconfig */;
			buildSettings = {
				ASSETCATALOG_COMPILER_APPICON_NAME = AppIcon;
				ASSETCATALOG_COMPILER_GLOBAL_ACCENT_COLOR_NAME = AccentColor;
				CODE_SIGN_STYLE = Automatic;
				DEVELOPMENT_TEAM = QSL65SU6PD;
				INFOPLIST_FILE = MarvelProfile/Info.plist;
				LD_RUNPATH_SEARCH_PATHS = (
					"$(inherited)",
					"@executable_path/Frameworks",
				);
				PRODUCT_BUNDLE_IDENTIFIER = EduardoJordan.MarvelProfile;
				PRODUCT_NAME = "$(TARGET_NAME)";
				SWIFT_VERSION = 5.0;
				TARGETED_DEVICE_FAMILY = 1;
			};
			name = Debug;
		};
		18DCECCE25ED713300F0E618 /* Release */ = {
			isa = XCBuildConfiguration;
			baseConfigurationReference = D780F376CA3224F7DE46726B /* Pods-MarvelProfile.release.xcconfig */;
			buildSettings = {
				ASSETCATALOG_COMPILER_APPICON_NAME = AppIcon;
				ASSETCATALOG_COMPILER_GLOBAL_ACCENT_COLOR_NAME = AccentColor;
				CODE_SIGN_STYLE = Automatic;
				DEVELOPMENT_TEAM = QSL65SU6PD;
				INFOPLIST_FILE = MarvelProfile/Info.plist;
				LD_RUNPATH_SEARCH_PATHS = (
					"$(inherited)",
					"@executable_path/Frameworks",
				);
				PRODUCT_BUNDLE_IDENTIFIER = EduardoJordan.MarvelProfile;
				PRODUCT_NAME = "$(TARGET_NAME)";
				SWIFT_VERSION = 5.0;
				TARGETED_DEVICE_FAMILY = 1;
			};
			name = Release;
		};
		18DCED4825EFD6B900F0E618 /* Debug */ = {
			isa = XCBuildConfiguration;
			buildSettings = {
				BUNDLE_LOADER = "$(TEST_HOST)";
				CODE_SIGN_STYLE = Automatic;
				DEVELOPMENT_TEAM = QSL65SU6PD;
				INFOPLIST_FILE = MarvelProfileTests/Info.plist;
				LD_RUNPATH_SEARCH_PATHS = (
					"$(inherited)",
					"@executable_path/Frameworks",
					"@loader_path/Frameworks",
				);
				PRODUCT_BUNDLE_IDENTIFIER = EduardoJordan.MarvelProfileTests;
				PRODUCT_NAME = "$(TARGET_NAME)";
				SWIFT_VERSION = 5.0;
				TARGETED_DEVICE_FAMILY = "1,2";
				TEST_HOST = "$(BUILT_PRODUCTS_DIR)/MarvelProfile.app/MarvelProfile";
			};
			name = Debug;
		};
		18DCED4925EFD6B900F0E618 /* Release */ = {
			isa = XCBuildConfiguration;
			buildSettings = {
				BUNDLE_LOADER = "$(TEST_HOST)";
				CODE_SIGN_STYLE = Automatic;
				DEVELOPMENT_TEAM = QSL65SU6PD;
				INFOPLIST_FILE = MarvelProfileTests/Info.plist;
				LD_RUNPATH_SEARCH_PATHS = (
					"$(inherited)",
					"@executable_path/Frameworks",
					"@loader_path/Frameworks",
				);
				PRODUCT_BUNDLE_IDENTIFIER = EduardoJordan.MarvelProfileTests;
				PRODUCT_NAME = "$(TARGET_NAME)";
				SWIFT_VERSION = 5.0;
				TARGETED_DEVICE_FAMILY = "1,2";
				TEST_HOST = "$(BUILT_PRODUCTS_DIR)/MarvelProfile.app/MarvelProfile";
			};
			name = Release;
		};
/* End XCBuildConfiguration section */

/* Begin XCConfigurationList section */
		18DCECB325ED713000F0E618 /* Build configuration list for PBXProject "MarvelProfile" */ = {
			isa = XCConfigurationList;
			buildConfigurations = (
				18DCECCA25ED713300F0E618 /* Debug */,
				18DCECCB25ED713300F0E618 /* Release */,
			);
			defaultConfigurationIsVisible = 0;
			defaultConfigurationName = Release;
		};
		18DCECCC25ED713300F0E618 /* Build configuration list for PBXNativeTarget "MarvelProfile" */ = {
			isa = XCConfigurationList;
			buildConfigurations = (
				18DCECCD25ED713300F0E618 /* Debug */,
				18DCECCE25ED713300F0E618 /* Release */,
			);
			defaultConfigurationIsVisible = 0;
			defaultConfigurationName = Release;
		};
		18DCED4725EFD6B900F0E618 /* Build configuration list for PBXNativeTarget "MarvelProfileTests" */ = {
			isa = XCConfigurationList;
			buildConfigurations = (
				18DCED4825EFD6B900F0E618 /* Debug */,
				18DCED4925EFD6B900F0E618 /* Release */,
			);
			defaultConfigurationIsVisible = 0;
			defaultConfigurationName = Release;
		};
/* End XCConfigurationList section */
	};
	rootObject = 18DCECB025ED713000F0E618 /* Project object */;
}
